# DFINITY ICP Skills, installed 2026-10-01 from https://skills.internetcomputer.org/.well-known/skills. skill/file sha256
canister-security/SKILL.md a22daeb650cdc37ef6b3dc4a1f5cdcc35842a795459ac2953eff2412bcc4a022
certified-variables/SKILL.md 5c84bafc545e3564b61d268cf0be8628e4873e1f6402faafd264e3cef40077d1
certified-variables/references/http-certification.md 3d67b8f21ad0bc01aaf2d61813c3dc565f66dea9f7486d48f8044dd8a504dbef
https-outcalls/SKILL.md 87baae331ed3c06861f2d4021064dab75a4d043dba85f67e9ce1a0e720b3ac82
https-outcalls/references/flexible-outcalls.md 0e90b259a0e01b7cafa47020efd17d3a20c71d9a7965fcd31828535d6f338380
https-outcalls/references/json-responses.md 272442ad925ea00ec542adfec03fab48b4fb291179213884d8b4fb89d15490cb
https-outcalls/references/pricing-version-2.md 4fb790e6970cb6ba77d9e25a21cec25a984121ed7599284365bd1c34169f71f3
vetkeys/SKILL.md 50e6e21d3f9f8056aa63efead7d976d3d84ac73988436ea52270c4b6d6ca9149
vetkeys/references/bls-signing.md 1cec9c2ca986506ccadd0df8ab537b6c04e489f3695ff4e3362cd198df4961fd
vetkeys/references/ibe.md 78ec670caf884f377c3a7d335f38840ad854fb8b6aca75ec84eaa1224aa92ad5
